
Microsoft Visual Studio Solution File, Format Version 12.00
# Visual Studio Version 16
VisualStudioVersion = 16.0.30517.126
MinimumVisualStudioVersion = 10.0.40219.1
Project("{FAE04EC0-301F-11D3-BF4B-00C04F79EFBC}") = "MvcApi", "MvcApi\MvcApi.csproj", "{BA9F3E14-260E-4DDF-BC1A-32C1A9D23982}"
EndProject
Global
	GlobalSection(SolutionConfigurationPlatforms) = preSolution
		Debug|Any CPU = Debug|Any CPU
		Release|Any CPU = Release|Any CPU
	EndGlobalSection
	GlobalSection(ProjectConfigurationPlatforms) = postSolution
		{BA9F3E14-260E-4DDF-BC1A-32C1A9D23982}.Debug|Any CPU.ActiveCfg = Debug|Any CPU
		{BA9F3E14-260E-4DDF-BC1A-32C1A9D23982}.Debug|Any CPU.Build.0 = Debug|Any CPU
		{BA9F3E14-260E-4DDF-BC1A-32C1A9D23982}.Release|Any CPU.ActiveCfg = Release|Any CPU
		{BA9F3E14-260E-4DDF-BC1A-32C1A9D23982}.Release|Any CPU.Build.0 = Release|Any CPU
	EndGlobalSection
	GlobalSection(SolutionProperties) = preSolution
		HideSolutionNode = FALSE
	EndGlobalSection
	GlobalSection(ExtensibilityGlobals) = postSolution
		SolutionGuid = {6742491A-0967-48D9-AE59-6D33BB3045FE}
	EndGlobalSection
EndGlobal
